
Microsoft Visual Studio Solution File, Format Version 12.00
# Visual Studio 14
VisualStudioVersion = 14.0.23107.0
MinimumVisualStudioVersion = 10.0.40219.1
Project("{FAE04EC0-301F-11D3-BF4B-00C04F79EFBC}") = "DotNet.Kernel", "DotNet.Kernel\DotNet.Kernel.csproj", "{46E0EAA8-CD7A-45CD-AA6D-DEBE5F05BFD8}"
EndProject
Project("{FAE04EC0-301F-11D3-BF4B-00C04F79EFBC}") = "DotNet.DataAccess", "DotNet.DataAccess\DotNet.DataAccess.csproj", "{66D6A76D-5FBD-445E-8AA9-CF620F3AC225}"
EndProject
Project("{FAE04EC0-301F-11D3-BF4B-00C04F79EFBC}") = "DotNet.API", "DotNet.API\DotNet.API.csproj", "{ACF08080-59F7-4EAE-BC35-E735CCF275F3}"
EndProject
Project("{FAE04EC0-301F-11D3-BF4B-00C04F79EFBC}") = "DotNet.Utilities", "DotNet.Utilities\DotNet.Utilities.csproj", "{800FFC48-44E1-4B75-8738-4EE64A88A542}"
EndProject
Project("{2150E333-8FDC-42A3-9474-1A3956D46DE8}") = "WeiBMS.BaseLibrary", "WeiBMS.BaseLibrary", "{9602149A-C710-4A06-989C-B9C1C6A05394}"
EndProject
Project("{2150E333-8FDC-42A3-9474-1A3956D46DE8}") = "WeiBMS.Business", "WeiBMS.Business", "{5AE6C3C8-67A0-4E18-B2D0-04B5428A84B7}"
EndProject
Project("{2150E333-8FDC-42A3-9474-1A3956D46DE8}") = "WeiBMS.Web", "WeiBMS.Web", "{B1CCF338-97EE-4A9E-B830-F7EA8855E39B}"
EndProject
Project("{FAE04EC0-301F-11D3-BF4B-00C04F79EFBC}") = "WeiBMS.Service", "BPMS.Service\WeiBMS.Service.csproj", "{0CF7CC60-9C51-4B0F-9EEC-FF70CB1B190D}"
EndProject
Project("{FAE04EC0-301F-11D3-BF4B-00C04F79EFBC}") = "WeiBMS.Business", "BPMS.Business\WeiBMS.Business.csproj", "{B4D1EBD2-D01C-4547-915B-E1CD4F7C89FD}"
EndProject
Project("{FAE04EC0-301F-11D3-BF4B-00C04F79EFBC}") = "WeiBMS.IBusiness", "BPMS.IBusiness\WeiBMS.IBusiness.csproj", "{21C6ED9C-7C28-41FB-8B70-96B189844AE9}"
EndProject
Project("{FAE04EC0-301F-11D3-BF4B-00C04F79EFBC}") = "WeiBMS.WEB", "BPMS.WEB\WeiBMS.WEB.csproj", "{232F65C1-DA31-4A69-986A-5A744550828E}"
EndProject
Project("{FAE04EC0-301F-11D3-BF4B-00C04F79EFBC}") = "WeiBMS.Entity", "BPMS.Entity\WeiBMS.Entity.csproj", "{D9AFF79A-FAFF-46E7-9130-9E92EB118DF6}"
EndProject
Project("{FAE04EC0-301F-11D3-BF4B-00C04F79EFBC}") = "WeiBMS.CodeMatic", "BPMS.CodeMatic\WeiBMS.CodeMatic.csproj", "{4D255977-C5B7-459F-A450-7C74F3530B23}"
EndProject
Project("{FAE04EC0-301F-11D3-BF4B-00C04F79EFBC}") = "QY.API", "QY.API\QY.API.csproj", "{3B665F54-2211-4979-A11F-5AD21082A11F}"
EndProject
Global
	GlobalSection(SolutionConfigurationPlatforms) = preSolution
		Debug|Any CPU = Debug|Any CPU
		Release|Any CPU = Release|Any CPU
	EndGlobalSection
	GlobalSection(ProjectConfigurationPlatforms) = postSolution
		{46E0EAA8-CD7A-45CD-AA6D-DEBE5F05BFD8}.Debug|Any CPU.ActiveCfg = Debug|Any CPU
		{46E0EAA8-CD7A-45CD-AA6D-DEBE5F05BFD8}.Debug|Any CPU.Build.0 = Debug|Any CPU
		{46E0EAA8-CD7A-45CD-AA6D-DEBE5F05BFD8}.Release|Any CPU.ActiveCfg = Release|Any CPU
		{46E0EAA8-CD7A-45CD-AA6D-DEBE5F05BFD8}.Release|Any CPU.Build.0 = Release|Any CPU
		{66D6A76D-5FBD-445E-8AA9-CF620F3AC225}.Debug|Any CPU.ActiveCfg = Debug|Any CPU
		{66D6A76D-5FBD-445E-8AA9-CF620F3AC225}.Debug|Any CPU.Build.0 = Debug|Any CPU
		{66D6A76D-5FBD-445E-8AA9-CF620F3AC225}.Release|Any CPU.ActiveCfg = Release|Any CPU
		{66D6A76D-5FBD-445E-8AA9-CF620F3AC225}.Release|Any CPU.Build.0 = Release|Any CPU
		{ACF08080-59F7-4EAE-BC35-E735CCF275F3}.Debug|Any CPU.ActiveCfg = Debug|Any CPU
		{ACF08080-59F7-4EAE-BC35-E735CCF275F3}.Debug|Any CPU.Build.0 = Debug|Any CPU
		{ACF08080-59F7-4EAE-BC35-E735CCF275F3}.Release|Any CPU.ActiveCfg = Release|Any CPU
		{ACF08080-59F7-4EAE-BC35-E735CCF275F3}.Release|Any CPU.Build.0 = Release|Any CPU
		{800FFC48-44E1-4B75-8738-4EE64A88A542}.Debug|Any CPU.ActiveCfg = Debug|Any CPU
		{800FFC48-44E1-4B75-8738-4EE64A88A542}.Debug|Any CPU.Build.0 = Debug|Any CPU
		{800FFC48-44E1-4B75-8738-4EE64A88A542}.Release|Any CPU.ActiveCfg = Release|Any CPU
		{800FFC48-44E1-4B75-8738-4EE64A88A542}.Release|Any CPU.Build.0 = Release|Any CPU
		{0CF7CC60-9C51-4B0F-9EEC-FF70CB1B190D}.Debug|Any CPU.ActiveCfg = Debug|Any CPU
		{0CF7CC60-9C51-4B0F-9EEC-FF70CB1B190D}.Debug|Any CPU.Build.0 = Debug|Any CPU
		{0CF7CC60-9C51-4B0F-9EEC-FF70CB1B190D}.Release|Any CPU.ActiveCfg = Release|Any CPU
		{0CF7CC60-9C51-4B0F-9EEC-FF70CB1B190D}.Release|Any CPU.Build.0 = Release|Any CPU
		{B4D1EBD2-D01C-4547-915B-E1CD4F7C89FD}.Debug|Any CPU.ActiveCfg = Debug|Any CPU
		{B4D1EBD2-D01C-4547-915B-E1CD4F7C89FD}.Debug|Any CPU.Build.0 = Debug|Any CPU
		{B4D1EBD2-D01C-4547-915B-E1CD4F7C89FD}.Release|Any CPU.ActiveCfg = Release|Any CPU
		{B4D1EBD2-D01C-4547-915B-E1CD4F7C89FD}.Release|Any CPU.Build.0 = Release|Any CPU
		{21C6ED9C-7C28-41FB-8B70-96B189844AE9}.Debug|Any CPU.ActiveCfg = Debug|Any CPU
		{21C6ED9C-7C28-41FB-8B70-96B189844AE9}.Debug|Any CPU.Build.0 = Debug|Any CPU
		{21C6ED9C-7C28-41FB-8B70-96B189844AE9}.Release|Any CPU.ActiveCfg = Release|Any CPU
		{21C6ED9C-7C28-41FB-8B70-96B189844AE9}.Release|Any CPU.Build.0 = Release|Any CPU
		{232F65C1-DA31-4A69-986A-5A744550828E}.Debug|Any CPU.ActiveCfg = Debug|Any CPU
		{232F65C1-DA31-4A69-986A-5A744550828E}.Debug|Any CPU.Build.0 = Debug|Any CPU
		{232F65C1-DA31-4A69-986A-5A744550828E}.Release|Any CPU.ActiveCfg = Release|Any CPU
		{232F65C1-DA31-4A69-986A-5A744550828E}.Release|Any CPU.Build.0 = Release|Any CPU
		{D9AFF79A-FAFF-46E7-9130-9E92EB118DF6}.Debug|Any CPU.ActiveCfg = Debug|Any CPU
		{D9AFF79A-FAFF-46E7-9130-9E92EB118DF6}.Debug|Any CPU.Build.0 = Debug|Any CPU
		{D9AFF79A-FAFF-46E7-9130-9E92EB118DF6}.Release|Any CPU.ActiveCfg = Release|Any CPU
		{D9AFF79A-FAFF-46E7-9130-9E92EB118DF6}.Release|Any CPU.Build.0 = Release|Any CPU
		{4D255977-C5B7-459F-A450-7C74F3530B23}.Debug|Any CPU.ActiveCfg = Debug|Any CPU
		{4D255977-C5B7-459F-A450-7C74F3530B23}.Debug|Any CPU.Build.0 = Debug|Any CPU
		{4D255977-C5B7-459F-A450-7C74F3530B23}.Release|Any CPU.ActiveCfg = Release|Any CPU
		{4D255977-C5B7-459F-A450-7C74F3530B23}.Release|Any CPU.Build.0 = Release|Any CPU
		{3B665F54-2211-4979-A11F-5AD21082A11F}.Debug|Any CPU.ActiveCfg = Debug|Any CPU
		{3B665F54-2211-4979-A11F-5AD21082A11F}.Debug|Any CPU.Build.0 = Debug|Any CPU
		{3B665F54-2211-4979-A11F-5AD21082A11F}.Release|Any CPU.ActiveCfg = Release|Any CPU
		{3B665F54-2211-4979-A11F-5AD21082A11F}.Release|Any CPU.Build.0 = Release|Any CPU
	EndGlobalSection
	GlobalSection(SolutionProperties) = preSolution
		HideSolutionNode = FALSE
	EndGlobalSection
	GlobalSection(NestedProjects) = preSolution
		{46E0EAA8-CD7A-45CD-AA6D-DEBE5F05BFD8} = {9602149A-C710-4A06-989C-B9C1C6A05394}
		{66D6A76D-5FBD-445E-8AA9-CF620F3AC225} = {9602149A-C710-4A06-989C-B9C1C6A05394}
		{ACF08080-59F7-4EAE-BC35-E735CCF275F3} = {9602149A-C710-4A06-989C-B9C1C6A05394}
		{800FFC48-44E1-4B75-8738-4EE64A88A542} = {9602149A-C710-4A06-989C-B9C1C6A05394}
		{0CF7CC60-9C51-4B0F-9EEC-FF70CB1B190D} = {5AE6C3C8-67A0-4E18-B2D0-04B5428A84B7}
		{B4D1EBD2-D01C-4547-915B-E1CD4F7C89FD} = {5AE6C3C8-67A0-4E18-B2D0-04B5428A84B7}
		{21C6ED9C-7C28-41FB-8B70-96B189844AE9} = {5AE6C3C8-67A0-4E18-B2D0-04B5428A84B7}
		{232F65C1-DA31-4A69-986A-5A744550828E} = {B1CCF338-97EE-4A9E-B830-F7EA8855E39B}
		{D9AFF79A-FAFF-46E7-9130-9E92EB118DF6} = {5AE6C3C8-67A0-4E18-B2D0-04B5428A84B7}
		{4D255977-C5B7-459F-A450-7C74F3530B23} = {B1CCF338-97EE-4A9E-B830-F7EA8855E39B}
		{3B665F54-2211-4979-A11F-5AD21082A11F} = {9602149A-C710-4A06-989C-B9C1C6A05394}
	EndGlobalSection
EndGlobal
